// !$*UTF8*$!
{
	archiveVersion = 1;
	classes = {
	};
	objectVersion = 48;
	objects = {

/* Begin PBXBuildFile section */
		CBAC8B4B207597A500D2D681 /* AppDelegate.swift in Sources */ = {isa = PBXBuildFile; fileRef = CBAC8B4A207597A500D2D681 /* AppDelegate.swift */; };
		CBAC8B4D207597A500D2D681 /* ViewController.swift in Sources */ = {isa = PBXBuildFile; fileRef = CBAC8B4C207597A500D2D681 /* ViewController.swift */; };
		CBAC8B50207597A500D2D681 /* Main.storyboard in Resources */ = {isa = PBXBuildFile; fileRef = CBAC8B4E207597A500D2D681 /* Main.storyboard */; };
		CBAC8B52207597A500D2D681 /* Assets.xcassets in Resources */ = {isa = PBXBuildFile; fileRef = CBAC8B51207597A500D2D681 /* Assets.xcassets */; };
		CBAC8B55207597A500D2D681 /* LaunchScreen.storyboard in Resources */ = {isa = PBXBuildFile; fileRef = CBAC8B53207597A500D2D681 /* LaunchScreen.storyboard */; };
		CBAC8B5E20759C0C00D2D681 /* WebKit.framework in Frameworks */ = {isa = PBXBuildFile; fileRef = CBAC8B5D20759C0C00D2D681 /* WebKit.framework */; };
		CBAC8B6420759DE600D2D681 /* PaisVC.swift in Sources */ = {isa = PBXBuildFile; fileRef = CBAC8B6320759DE600D2D681 /* PaisVC.swift */; };
/* End PBXBuildFile section */

/* Begin PBXFileReference section */
		CBAC8B47207597A500D2D681 /* ConsultaPais.app */ = {isa = PBXFileReference; explicitFileType = wrapper.application; includeInIndex = 0; path = ConsultaPais.app; sourceTree = BUILT_PRODUCTS_DIR; };
		CBAC8B4A207597A500D2D681 /* AppDelegate.swift */ = {isa = PBXFileReference; lastKnownFileType = sourcecode.swift; path = AppDelegate.swift; sourceTree = "<group>"; };
		CBAC8B4C207597A500D2D681 /* ViewController.swift */ = {isa = PBXFileReference; lastKnownFileType = sourcecode.swift; path = ViewController.swift; sourceTree = "<group>"; };
		CBAC8B4F207597A500D2D681 /* Base */ = {isa = PBXFileReference; lastKnownFileType = file.storyboard; name = Base; path = Base.lproj/Main.storyboard; sourceTree = "<group>"; };
		CBAC8B51207597A500D2D681 /* Assets.xcassets */ = {isa = PBXFileReference; lastKnownFileType = folder.assetcatalog; path = Assets.xcassets; sourceTree = "<group>"; };
		CBAC8B54207597A500D2D681 /* Base */ = {isa = PBXFileReference; lastKnownFileType = file.storyboard; name = Base; path = Base.lproj/LaunchScreen.storyboard; sourceTree = "<group>"; };
		CBAC8B56207597A500D2D681 /* Info.plist */ = {isa = PBXFileReference; lastKnownFileType = text.plist.xml; path = Info.plist; sourceTree = "<group>"; };
		CBAC8B5D20759C0C00D2D681 /* WebKit.framework */ = {isa = PBXFileReference; lastKnownFileType = wrapper.framework; name = WebKit.framework; path = System/Library/Frameworks/WebKit.framework; sourceTree = SDKROOT; };
		CBAC8B6320759DE600D2D681 /* PaisVC.swift */ = {isa = PBXFileReference; lastKnownFileType = sourcecode.swift; path = PaisVC.swift; sourceTree = "<group>"; };
/* End PBXFileReference section */

/* Begin PBXFrameworksBuildPhase section */
		CBAC8B44207597A500D2D681 /* Frameworks */ = {
			isa = PBXFrameworksBuildPhase;
			buildActionMask = 2147483647;
			files = (
				CBAC8B5E20759C0C00D2D681 /* WebKit.framework in Frameworks */,
			);
			runOnlyForDeploymentPostprocessing = 0;
		};
/* End PBXFrameworksBuildPhase section */

/* Begin PBXGroup section */
		CBAC8B3E207597A500D2D681 = {
			isa = PBXGroup;
			children = (
				CBAC8B49207597A500D2D681 /* ConsultaPais */,
				CBAC8B48207597A500D2D681 /* Products */,
				CBAC8B5C20759C0C00D2D681 /* Frameworks */,
			);
			sourceTree = "<group>";
		};
		CBAC8B48207597A500D2D681 /* Products */ = {
			isa = PBXGroup;
			children = (
				CBAC8B47207597A500D2D681 /* ConsultaPais.app */,
			);
			name = Products;
			sourceTree = "<group>";
		};
		CBAC8B49207597A500D2D681 /* ConsultaPais */ = {
			isa = PBXGroup;
			children = (
				CBAC8B4A207597A500D2D681 /* AppDelegate.swift */,
				CBAC8B4C207597A500D2D681 /* ViewController.swift */,
				CBAC8B4E207597A500D2D681 /* Main.storyboard */,
				CBAC8B51207597A500D2D681 /* Assets.xcassets */,
				CBAC8B53207597A500D2D681 /* LaunchScreen.storyboard */,
				CBAC8B56207597A500D2D681 /* Info.plist */,
				CBAC8B6320759DE600D2D681 /* PaisVC.swift */,
			);
			path = ConsultaPais;
			sourceTree = "<group>";
		};
		CBAC8B5C20759C0C00D2D681 /* Frameworks */ = {
			isa = PBXGroup;
			children = (
				CBAC8B5D20759C0C00D2D681 /* WebKit.framework */,
			);
			name = Frameworks;
			sourceTree = "<group>";
		};
/* End PBXGroup section */

/* Begin PBXNativeTarget section */
		CBAC8B46207597A500D2D681 /* ConsultaPais */ = {
			isa = PBXNativeTarget;
			buildConfigurationList = CBAC8B59207597A500D2D681 /* Build configuration list for PBXNativeTarget "ConsultaPais" */;
			buildPhases = (
				CBAC8B43207597A500D2D681 /* Sources */,
				CBAC8B44207597A500D2D681 /* Frameworks */,
				CBAC8B45207597A500D2D681 /* Resources */,
			);
			buildRules = (
			);
			dependencies = (
			);
			name = ConsultaPais;
			productName = ConsultaPais;
			productReference = CBAC8B47207597A500D2D681 /* ConsultaPais.app */;
			productType = "com.apple.product-type.application";
		};
/* End PBXNativeTarget section */

/* Begin PBXProject section */
		CBAC8B3F207597A500D2D681 /* Project object */ = {
			isa = PBXProject;
			attributes = {
				LastSwiftUpdateCheck = 0920;
				LastUpgradeCheck = 0920;
				ORGANIZATIONNAME = "Gerry G";
				TargetAttributes = {
					CBAC8B46207597A500D2D681 = {
						CreatedOnToolsVersion = 9.2;
						ProvisioningStyle = Automatic;
					};
				};
			};
			buildConfigurationList = CBAC8B42207597A500D2D681 /* Build configuration list for PBXProject "ConsultaPais" */;
			compatibilityVersion = "Xcode 8.0";
			developmentRegion = en;
			hasScannedForEncodings = 0;
			knownRegions = (
				en,
				Base,
			);
			mainGroup = CBAC8B3E207597A500D2D681;
			productRefGroup = CBAC8B48207597A500D2D681 /* Products */;
			projectDirPath = "";
			projectRoot = "";
			targets = (
				CBAC8B46207597A500D2D681 /* ConsultaPais */,
			);
		};
/* End PBXProject section */

/* Begin PBXResourcesBuildPhase section */
		CBAC8B45207597A500D2D681 /* Resources */ = {
			isa = PBXResourcesBuildPhase;
			buildActionMask = 2147483647;
			files = (
				CBAC8B55207597A500D2D681 /* LaunchScreen.storyboard in Resources */,
				CBAC8B52207597A500D2D681 /* Assets.xcassets in Resources */,
				CBAC8B50207597A500D2D681 /* Main.storyboard in Resources */,
			);
			runOnlyForDeploymentPostprocessing = 0;
		};
/* End PBXResourcesBuildPhase section */

/* Begin PBXSourcesBuildPhase section */
		CBAC8B43207597A500D2D681 /* Sources */ = {
			isa = PBXSourcesBuildPhase;
			buildActionMask = 2147483647;
			files = (
				CBAC8B4D207597A500D2D681 /* ViewController.swift in Sources */,
				CBAC8B6420759DE600D2D681 /* PaisVC.swift in Sources */,
				CBAC8B4B207597A500D2D681 /* AppDelegate.swift in Sources */,
			);
			runOnlyForDeploymentPostprocessing = 0;
		};
/* End PBXSourcesBuildPhase section */

/* Begin PBXVariantGroup section */
		CBAC8B4E207597A500D2D681 /* Main.storyboard */ = {
			isa = PBXVariantGroup;
			children = (
				CBAC8B4F207597A500D2D681 /* Base */,
			);
			name = Main.storyboard;
			sourceTree = "<group>";
		};
		CBAC8B53207597A500D2D681 /* LaunchScreen.storyboard */ = {
			isa = PBXVariantGroup;
			children = (
				CBAC8B54207597A500D2D681 /* Base */,
			);
			name = LaunchScreen.storyboard;
			sourceTree = "<group>";
		};
/* End PBXVariantGroup section */

/* Begin XCBuildConfiguration section */
		CBAC8B57207597A500D2D681 /* Debug */ = {
			isa = XCBuildConfiguration;
			buildSettings = {
				ALWAYS_SEARCH_USER_PATHS = NO;
				CLANG_ANALYZER_NONNULL = YES;
				CLANG_ANALYZER_NUMBER_OBJECT_CONVERSION = YES_AGGRESSIVE;
				CLANG_CXX_LANGUAGE_STANDARD = "gnu++14";
				CLANG_CXX_LIBRARY = "libc++";
				CLANG_ENABLE_MODULES = YES;
				CLANG_ENABLE_OBJC_ARC = YES;
				CLANG_WARN_BLOCK_CAPTURE_AUTORELEASING = YES;
				CLANG_WARN_BOOL_CONVERSION = YES;
				CLANG_WARN_COMMA = YES;
				CLANG_WARN_CONSTANT_CONVERSION = YES;
				CLANG_WARN_DIRECT_OBJC_ISA_USAGE = YES_ERROR;
				CLANG_WARN_DOCUMENTATION_COMMENTS = YES;
				CLANG_WARN_EMPTY_BODY = YES;
				CLANG_WARN_ENUM_CONVERSION = YES;
				CLANG_WARN_INFINITE_RECURSION = YES;
				CLANG_WARN_INT_CONVERSION = YES;
				CLANG_WARN_NON_LITERAL_NULL_CONVERSION = YES;
				CLANG_WARN_OBJC_LITERAL_CONVERSION = YES;
				CLANG_WARN_OBJC_ROOT_CLASS = YES_ERROR;
				CLANG_WARN_RANGE_LOOP_ANALYSIS = YES;
				CLANG_WARN_STRICT_PROTOTYPES = YES;
				CLANG_WARN_SUSPICIOUS_MOVE = YES;
				CLANG_WARN_UNGUARDED_AVAILABILITY = YES_AGGRESSIVE;
				CLANG_WARN_UNREACHABLE_CODE = YES;
				CLANG_WARN__DUPLICATE_METHOD_MATCH = YES;
				CODE_SIGN_IDENTITY = "iPhone Developer";
				COPY_PHASE_STRIP = NO;
				DEBUG_INFORMATION_FORMAT = dwarf;
				ENABLE_STRICT_OBJC_MSGSEND = YES;
				ENABLE_TESTABILITY = YES;
				GCC_C_LANGUAGE_STANDARD = gnu11;
				GCC_DYNAMIC_NO_PIC = NO;
				GCC_NO_COMMON_BLOCKS = YES;
				GCC_OPTIMIZATION_LEVEL = 0;
				GCC_PREPROCESSOR_DEFINITIONS = (
					"DEBUG=1",
					"$(inherited)",
				);
				GCC_WARN_64_TO_32_BIT_CONVERSION = YES;
				GCC_WARN_ABOUT_RETURN_TYPE = YES_ERROR;
				GCC_WARN_UNDECLARED_SELECTOR = YES;
				GCC_WARN_UNINITIALIZED_AUTOS = YES_AGGRESSIVE;
				GCC_WARN_UNUSED_FUNCTION = YES;
				GCC_WARN_UNUSED_VARIABLE = YES;
				IPHONEOS_DEPLOYMENT_TARGET = 11.2;
				MTL_ENABLE_DEBUG_INFO = YES;
				ONLY_ACTIVE_ARCH = YES;
				SDKROOT = iphoneos;
				SWIFT_ACTIVE_COMPILATION_CONDITIONS = DEBUG;
				SWIFT_OPTIMIZATION_LEVEL = "-Onone";
			};
			name = Debug;
		};
		CBAC8B58207597A500D2D681 /* Release */ = {
			isa = XCBuildConfiguration;
			buildSettings = {
				ALWAYS_SEARCH_USER_PATHS = NO;
				CLANG_ANALYZER_NONNULL = YES;
				CLANG_ANALYZER_NUMBER_OBJECT_CONVERSION = YES_AGGRESSIVE;
				CLANG_CXX_LANGUAGE_STANDARD = "gnu++14";
				CLANG_CXX_LIBRARY = "libc++";
				CLANG_ENABLE_MODULES = YES;
				CLANG_ENABLE_OBJC_ARC = YES;
				CLANG_WARN_BLOCK_CAPTURE_AUTORELEASING = YES;
				CLANG_WARN_BOOL_CONVERSION = YES;
				CLANG_WARN_COMMA = YES;
				CLANG_WARN_CONSTANT_CONVERSION = YES;
				CLANG_WARN_DIRECT_OBJC_ISA_USAGE = YES_ERROR;
				CLANG_WARN_DOCUMENTATION_COMMENTS = YES;
				CLANG_WARN_EMPTY_BODY = YES;
				CLANG_WARN_ENUM_CONVERSION = YES;
				CLANG_WARN_INFINITE_RECURSION = YES;
				CLANG_WARN_INT_CONVERSION = YES;
				CLANG_WARN_NON_LITERAL_NULL_CONVERSION = YES;
				CLANG_WARN_OBJC_LITERAL_CONVERSION = YES;
				CLANG_WARN_OBJC_ROOT_CLASS = YES_ERROR;
				CLANG_WARN_RANGE_LOOP_ANALYSIS = YES;
				CLANG_WARN_STRICT_PROTOTYPES = YES;
				CLANG_WARN_SUSPICIOUS_MOVE = YES;
				CLANG_WARN_UNGUARDED_AVAILABILITY = YES_AGGRESSIVE;
				CLANG_WARN_UNREACHABLE_CODE = YES;
				CLANG_WARN__DUPLICATE_METHOD_MATCH = YES;
				CODE_SIGN_IDENTITY = "iPhone Developer";
				COPY_PHASE_STRIP = NO;
				DEBUG_INFORMATION_FORMAT = "dwarf-with-dsym";
				ENABLE_NS_ASSERTIONS = NO;
				ENABLE_STRICT_OBJC_MSGSEND = YES;
				GCC_C_LANGUAGE_STANDARD = gnu11;
				GCC_NO_COMMON_BLOCKS = YES;
				GCC_WARN_64_TO_32_BIT_CONVERSION = YES;
				GCC_WARN_ABOUT_RETURN_TYPE = YES_ERROR;
				GCC_WARN_UNDECLARED_SELECTOR = YES;
				GCC_WARN_UNINITIALIZED_AUTOS = YES_AGGRESSIVE;
				GCC_WARN_UNUSED_FUNCTION = YES;
				GCC_WARN_UNUSED_VARIABLE = YES;
				IPHONEOS_DEPLOYMENT_TARGET = 11.2;
				MTL_ENABLE_DEBUG_INFO = NO;
				SDKROOT = iphoneos;
				SWIFT_OPTIMIZATION_LEVEL = "-Owholemodule";
				VALIDATE_PRODUCT = YES;
			};
			name = Release;
		};
		CBAC8B5A207597A500D2D681 /* Debug */ = {
			isa = XCBuildConfiguration;
			buildSettings = {
				ASSETCATALOG_COMPILER_APPICON_NAME = AppIcon;
				CODE_SIGN_STYLE = Automatic;
				DEVELOPMENT_TEAM = 6RS9SB5H93;
				INFOPLIST_FILE = ConsultaPais/Info.plist;
				LD_RUNPATH_SEARCH_PATHS = "$(inherited) @executable_path/Frameworks";
				PRODUCT_BUNDLE_IDENTIFIER = mx.gerrygoo.ConsultaPais;
				PRODUCT_NAME = "$(TARGET_NAME)";
				SWIFT_VERSION = 4.0;
				TARGETED_DEVICE_FAMILY = "1,2";
			};
			name = Debug;
		};
		CBAC8B5B207597A500D2D681 /* Release */ = {
			isa = XCBuildConfiguration;
			buildSettings = {
				ASSETCATALOG_COMPILER_APPICON_NAME = AppIcon;
				CODE_SIGN_STYLE = Automatic;
				DEVELOPMENT_TEAM = 6RS9SB5H93;
				INFOPLIST_FILE = ConsultaPais/Info.plist;
				LD_RUNPATH_SEARCH_PATHS = "$(inherited) @executable_path/Frameworks";
				PRODUCT_BUNDLE_IDENTIFIER = mx.gerrygoo.ConsultaPais;
				PRODUCT_NAME = "$(TARGET_NAME)";
				SWIFT_VERSION = 4.0;
				TARGETED_DEVICE_FAMILY = "1,2";
			};
			name = Release;
		};
/* End XCBuildConfiguration section */

/* Begin XCConfigurationList section */
		CBAC8B42207597A500D2D681 /* Build configuration list for PBXProject "ConsultaPais" */ = {
			isa = XCConfigurationList;
			buildConfigurations = (
				CBAC8B57207597A500D2D681 /* Debug */,
				CBAC8B58207597A500D2D681 /* Release */,
			);
			defaultConfigurationIsVisible = 0;
			defaultConfigurationName = Release;
		};
		CBAC8B59207597A500D2D681 /* Build configuration list for PBXNativeTarget "ConsultaPais" */ = {
			isa = XCConfigurationList;
			buildConfigurations = (
				CBAC8B5A207597A500D2D681 /* Debug */,
				CBAC8B5B207597A500D2D681 /* Release */,
			);
			defaultConfigurationIsVisible = 0;
			defaultConfigurationName = Release;
		};
/* End XCConfigurationList section */
	};
	rootObject = CBAC8B3F207597A500D2D681 /* Project object */;
}
